lockfileVersion: '9.0'

settings:
  autoInstallPeers: true
  excludeLinksFromLockfile: false

importers:

  .:
    dependencies:
      '@routedock/sdk':
        specifier: npm:@routedock/routedock@0.1.2
        version: '@routedock/routedock@0.1.2(viem@2.51.2(zod@4.4.3))'

packages:

  '@adraffy/ens-normalize@1.11.1':
    resolution: {integrity: sha512-nhCBV3quEgesuf7c7KYfperqSS14T8bYuvJ8PcLJp6znkZpFc0AuW4qBtr8eKVyPPe/8RSr7sglCWPU5eaxwKQ==}

  '@cfworker/json-schema@4.1.1':
    resolution: {integrity: sha512-gAmrUZSGtKc3AiBL71iNWxDsyUC5uMaKKGdvzYsBoTW/xi42JQHl7eKV2OYzCUqvc+D2RCcf7EXY2iCyFIk6og==}

  '@modelcontextprotocol/server@2.0.0-alpha.2':
    resolution: {integrity: sha512-gmLgdHzlYM8L7Aw/+VE0kxjT25WKamtUSLNhdOgrJq5CrESvqVSoAfWSJJeNPUXNTluQ+dYDGFbKVitdsJtbPA==}
    engines: {node: '>=20'}
    peerDependencies:
      '@cfworker/json-schema': ^4.1.1
    peerDependenciesMeta:
      '@cfworker/json-schema':
        optional: true

  '@noble/ciphers@1.3.0':
    resolution: {integrity: sha512-2I0gnIVPtfnMw9ee9h1dJG7tp81+8Ob3OJb3Mv37rx5L40/b0i7djjCVvGOVqc9AEIQyvyu1i6ypKdFw8R8gQw==}
    engines: {node: ^14.21.3 || >=16}

  '@noble/curves@1.9.1':
    resolution: {integrity: sha512-k11yZxZg+t+gWvBbIswW0yoJlu8cHOC7dhunwOzoWH/mXGBiYyR4YY6hAEK/3EUs4UpB8la1RfdRpeGsFHkWsA==}
    engines: {node: ^14.21.3 || >=16}

  '@noble/curves@1.9.7':
    resolution: {integrity: sha512-gbKGcRUYIjA3/zCCNaWDciTMFI0dCkvou3TL8Zmy5Nc7sJ47a0jtOeZoTaMxkuqRo9cRhjOdZJXegxYE5FN/xw==}
    engines: {node: ^14.21.3 || >=16}

  '@noble/hashes@1.8.0':
    resolution: {integrity: sha512-jCs9ldd7NwzpgXDIf6P3+NrHh9/sD6CQdxHyjQI+h/6rDNo88ypBxxz45UDuZHz9r3tNz7N/VInSVoVdtXEI4A==}
    engines: {node: ^14.21.3 || >=16}

  '@routedock/routedock@0.1.2':
    resolution: {integrity: sha512-ZBxbTpLgQjlUeHAtseY09CqSnqszF7RHzBW4jOjufGjqc3SUD6V80LSJNB/PFAgkgtF0TqziRthPlPvEk94jWA==}
    peerDependencies:
      express: ^4.18.0

  '@scure/base@1.2.6':
    resolution: {integrity: sha512-g/nm5FgUa//MCj1gV09zTJTaM6KBAHqLN907YVQqf7zC49+DcO4B1so4ZX07Ef10Twr6nuqYEH9GEggFXA4Fmg==}

  '@scure/bip32@1.7.0':
    resolution: {integrity: sha512-E4FFX/N3f4B80AKWp5dP6ow+flD1LQZo/w8UnLGYZO674jS6YnYeepycOOksv+vLPSpgN35wgKgy+ybfTb2SMw==}

  '@scure/bip39@1.6.0':
    resolution: {integrity: sha512-+lF0BbLiJNwVlev4eKelw1WWLaiKXw7sSl8T6FvBlWkdX+94aGJ4o8XjUdlyhTCjd8c+B3KT3JfS8P0bLRNU6A==}

  '@stellar/js-xdr@3.1.2':
    resolution: {integrity: sha512-VVolPL5goVEIsvuGqDc5uiKxV03lzfWdvYg1KikvwheDmTBO68CKDji3bAZ/kppZrx5iTA8z3Ld5yuytcvhvOQ==}

  '@stellar/mpp@0.4.0':
    resolution: {integrity: sha512-DeTlcZRNh6tdVYgUN9U3nQ9BYKOGuWu6vy5vS+HQ9m17JNbarDcbfyDG9jEQHjSKkhZBENy+AZa8NZ5fRkRTEg==}
    engines: {node: '>=20'}
    peerDependencies:
      '@stellar/stellar-sdk': ^14.6.1
      mppx: ^0.4.11

  '@stellar/stellar-base@14.1.0':
    resolution: {integrity: sha512-A8kFli6QGy22SRF45IjgPAJfUNGjnI+R7g4DF5NZYVsD1kGf7B4ITyc4OPclLV9tqNI4/lXxafGEw0JEUbHixw==}
    engines: {node: '>=20.0.0'}

  '@stellar/stellar-sdk@14.6.1':
    resolution: {integrity: sha512-A1rQWDLdUasXkMXnYSuhgep+3ZZzyuXJKdt5/KAIc0gkmSp906HTvUpbT4pu+bVr41tu0+J4Ugz9J4BQAGGytg==}
    engines: {node: '>=20.0.0'}
    hasBin: true

  '@supabase/auth-js@2.106.2':
    resolution: {integrity: sha512-VcAjUErkHkhC5Jaf+g/G1qbkQrFh8edaCdHa7pxJmHUjkWKjT7UnYCtPA89XV0N0GIYRkEqJZw5V62CtOxTmBQ==}
    engines: {node: '>=20.0.0'}

  '@supabase/functions-js@2.106.2':
    resolution: {integrity: sha512-oRnr0QrL8H+zTO1YyQ1QjiHZU/957jvubbxSJTUm2XLAgzoGGV9Tahfyd+uvLsBLRVmXLtpU3oyCjdQIvkGMOA==}
    engines: {node: '>=20.0.0'}

  '@supabase/phoenix@0.4.2':
    resolution: {integrity: sha512-YSAGnmDAfuleFCVt3CeurQZAhxRfXWeZIIkwp7NhYzQ1UwW6ePSnzsFAiUm/mbCkfoCf70QQHKW/K6RKh52a4A==}

  '@supabase/postgrest-js@2.106.2':
    resolution: {integrity: sha512-tDOzyPgp9pIRMR2x6C9+uDSJrnXSzxLtt3d7nC+Lrsy3jnJDHYfdQC/xcRyhJE/TOBJ0heSqRKR3UmejDjZxsw==}
    engines: {node: '>=20.0.0'}

  '@supabase/realtime-js@2.106.2':
    resolution: {integrity: sha512-LdRGT7DNhyZkPjubUv5bSdAZ0jSEX8wTHvx7htj7+K59TOZRvz4TuQK7tL2RWxyIZVeFMRluL04SzWS61rKnUA==}
    engines: {node: '>=20.0.0'}

  '@supabase/storage-js@2.106.2':
    resolution: {integrity: sha512-xgKCSYuev1YarV+iVqr+zlfgSyremnJtn8T0NCT8L4XmMv1CLtESc0Q6kNp8+mKWdX/8ND0nzm7OMKx08kwNAw==}
    engines: {node: '>=20.0.0'}

  '@supabase/supabase-js@2.106.2':
    resolution: {integrity: sha512-2/RZ/1fmJx/MRSEDG2Xk8+J4JVk5clM9V0uSI6kUTrcS32KA89DtqI5RUOC9r6mzY3WBC9qexLjssIHjbLyVJA==}
    engines: {node: '>=20.0.0'}

  '@toon-format/toon@2.3.0':
    resolution: {integrity: sha512-/Ew9etdRQKVMnm9fDaCG0JjyAOK/O7T0M97oum1aW4W+UR8ZhVVPBanIV7oWgHBiGlnVxV9M55PWQCHofDV07w==}

  '@x402/core@2.12.0':
    resolution: {integrity: sha512-dLae9AbZRN/W7GsKe9ngqGsflnP+esE72s0GjmqDZbPihM/tlHCA6UnDdgM0qfOiDOf9iL+mmCs1OyLWpwnGLQ==}

  '@x402/core@2.13.0':
    resolution: {integrity: sha512-wZjjYZ9UxXZh8O2uP/x0u4M4Dvuw5hHdN7uzEseoS4V9fkMewi+VAx9Wd98PdU9VegvG24+ES88fgFB4C5QVUw==}

  '@x402/stellar@2.12.0':
    resolution: {integrity: sha512-Z6ncsWsbHkS1g3ncMrE5L/hFQaGcozqepQL1WTb8fYpOvH8yEhGaU3w3euEzLWiHGM14h8LpW8b6Lxq1OizaJg==}

  abitype@1.2.3:
    resolution: {integrity: sha512-Ofer5QUnuUdTFsBRwARMoWKOH1ND5ehwYhJ3OJ/BQO+StkwQjHw0XyVh4vDttzHB7QOFhPHa/o413PJ82gU/Tg==}
    peerDependencies:
      typescript: '>=5.0.4'
      zod: ^3.22.0 || ^4.0.0
    peerDependenciesMeta:
      typescript:
        optional: true
      zod:
        optional: true

  abitype@1.2.4:
    resolution: {integrity: sha512-dpKH+N27vRjarMVTFFkeY445VTKftzGWpL0FiT7xmVmzQRKazZexzC5uHG0f6XKsVLAuUlndnbGau6lRejClxg==}
    peerDependencies:
      typescript: '>=5.0.4'
      zod: ^3.22.0 || ^4.0.0
    peerDependenciesMeta:
      typescript:
        optional: true
      zod:
        optional: true

  agent-base@6.0.2:
    resolution: {integrity: sha512-RZNwNclF7+MS/8bDg70amg32dyeZGZxiDuQmZxKLAlQjr3jGyLx+4Kkk58UO7D2QdgFIQCovuSuZESne6RG6XQ==}
    engines: {node: '>= 6.0.0'}

  ajv@8.20.0:
    resolution: {integrity: sha512-Thbli+OlOj+iMPYFBVBfJ3OmCAnaSyNn4M1vz9T6Gka5Jt9ba/HIR56joy65tY6kx/FCF5VXNB819Y7/GUrBGA==}

  asynckit@0.4.0:
    resolution: {integrity: sha512-Oei9OH4tRh0YqU3GxhX79dM/mwVgvbZJaSNaRk+bshkj0S5cfHcgYakreBjrHwatXKbz+IoIdYLxrKim2MjW0Q==}

  available-typed-arrays@1.0.7:
    resolution: {integrity: sha512-wvUjBtSGN7+7SjNpq/9M2Tg350UZD3q62IFZLbRAR1bSMlCo1ZaeW+BJ+D090e4hIIZLBcTDWe4Mh4jvUDajzQ==}
    engines: {node: '>= 0.4'}

  axios@1.16.1:
    resolution: {integrity: sha512-caYkukvroVPO8KrzuJEb50Hm07KwfBZPEC3VeFHTsqWHvKTsy54hjJz9BS/cdaypROE2rH6xvm9mHX4fgWkr3A==}

  base32.js@0.1.0:
    resolution: {integrity: sha512-n3TkB02ixgBOhTvANakDb4xaMXnYUVkNoRFJjQflcqMQhyEKxEHdj3E6N8t8sUQ0mjH/3/JxzlXuz3ul/J90pQ==}
    engines: {node: '>=0.12.0'}

  base64-js@1.5.1:
    resolution: {integrity: sha512-AKpaYlHn8t4SVbOHCy+b5+KKgvR4vrsD8vbvrbiQJps7fKDTkjkDry6ji0rUJjC0kzbNePLwzxq8iypo41qeWA==}

  bignumber.js@9.3.1:
    resolution: {integrity: sha512-Ko0uX15oIUS7wJ3Rb30Fs6SkVbLmPBAKdlm7q9+ak9bbIeFf0MwuBsQV6z7+X768/cHsfg+WlysDWJcmthjsjQ==}

  buffer@6.0.3:
    resolution: {integrity: sha512-FTiCpNxtwiZZHEZbcbTIcZjERVICn9yq/pDFkTl95/AxzD1naBctN7YO68riM/gLSDY7sdrMby8hofADYuuqOA==}

  call-bind-apply-helpers@1.0.2:
    resolution: {integrity: sha512-Sp1ablJ0ivDkSzjcaJdxEunN5/XvksFJ2sMBFfq6x0ryhQV/2b/KwFe21cMpmHtPOSij8K99/wSfoEuTObmuMQ==}
    engines: {node: '>= 0.4'}

  call-bind@1.0.9:
    resolution: {integrity: sha512-a/hy+pNsFUTR+Iz8TCJvXudKVLAnz/DyeSUo10I5yvFDQJBFU2s9uqQpoSrJlroHUKoKqzg+epxyP9lqFdzfBQ==}
    engines: {node: '>= 0.4'}

  call-bound@1.0.4:
    resolution: {integrity: sha512-+ys997U96po4Kx/ABpBCqhA9EuxJaQWDQg7295H4hBphv3IZg0boBKuwYpt4YXp6MZ5AmZQnU/tyMTlRpaSejg==}
    engines: {node: '>= 0.4'}

  combined-stream@1.0.8:
    resolution: {integrity: sha512-FQN4MRfuJeHf7cBbBMJFXhKSDq+2kAArBlmRBvcvFE5BB1HZKXtSFASDhdlz9zOYwxh8lDdnvmMOe/+5cdoEdg==}
    engines: {node: '>= 0.8'}

  commander@14.0.3:
    resolution: {integrity: sha512-H+y0Jo/T1RZ9qPP4Eh1pkcQcLRglraJaSLoyOtHxu6AapkjWVCy2Sit1QQ4x3Dng8qDlSsZEet7g5Pq06MvTgw==}
    engines: {node: '>=20'}

  debug@4.4.3:
    resolution: {integrity: sha512-RGwwWnwQvkVfavKVt22FGLw+xYSdzARwm0ru6DhTVA3umU5hZc28V3kO4stgYryrTlLpuvgI9GiijltAjNbcqA==}
    engines: {node: '>=6.0'}
    peerDependencies:
      supports-color: '*'
    peerDependenciesMeta:
      supports-color:
        optional: true

  define-data-property@1.1.4:
    resolution: {integrity: sha512-rBMvIzlpA8v6E+SJZoo++HAYqsLrkg7MSfIinMPFhmkorw7X+dOXVJQs+QT69zGkzMyfDnIMN2Wid1+NbL3T+A==}
    engines: {node: '>= 0.4'}

  delayed-stream@1.0.0:
    resolution: {integrity: sha512-ZySD7Nf91aLB0RxL4KGrKHBXl7Eds1DAmEdcoVawXnLD7SDhpNgtuII2aAkg7a7QS41jxPSZ17p4VdGnMHk3MQ==}
    engines: {node: '>=0.4.0'}

  dunder-proto@1.0.1:
    resolution: {integrity: sha512-KIN/nDJBQRcXw0MLVhZE9iQHmG68qAVIBg9CqmUYjmQIhgij9U5MFvrqkUL5FbtyyzZuOeOt0zdeRe4UY7ct+A==}
    engines: {node: '>= 0.4'}

  es-define-property@1.0.1:
    resolution: {integrity: sha512-e3nRfgfUZ4rNGL232gUgX06QNyyez04KdjFrF+LTRoOXmrOgFKDg4BCdsjW8EnT69eqdYGmRpJwiPVYNrCaW3g==}
    engines: {node: '>= 0.4'}

  es-errors@1.3.0:
    resolution: {integrity: sha512-Zf5H2Kxt2xjTvbJvP2ZWLEICxA6j+hAmMzIlypy4xcBg1vKVnx89Wy0GbS+kf5cwCVFFzdCFh2XSCFNULS6csw==}
    engines: {node: '>= 0.4'}

  es-object-atoms@1.1.2:
    resolution: {integrity: sha512-HWcBoN6NileqtSydK2FqHbS/LoDd2pqrnQHLyJzBj4kOp/ky2MWMN694xOfkK8/SnUsW2DH7EfyVlydKCsm1Zw==}
    engines: {node: '>= 0.4'}

  es-set-tostringtag@2.1.0:
    resolution: {integrity: sha512-j6vWzfrGVfyXxge+O0x5sh6cvxAog0a/4Rdd2K36zCMV5eJ+/+tOAngRO8cODMNWbVRdVlmGZQL2YS3yR8bIUA==}
    engines: {node: '>= 0.4'}

  eventemitter3@5.0.1:
    resolution: {integrity: sha512-GWkBvjiSZK87ELrYOSESUYeVIc9mvLLf/nXalMOS5dYrgZq9o5OVkbZAVM06CVxYsCwH9BDZFPlQTlPA1j4ahA==}

  eventsource@2.0.2:
    resolution: {integrity: sha512-IzUmBGPR3+oUG9dUeXynyNmf91/3zUSJg1lCktzKw47OXuhco54U3r9B7O4XX+Rb1Itm9OZ2b0RkTs10bICOxA==}
    engines: {node: '>=12.0.0'}

  fast-deep-equal@3.1.3:
    resolution: {integrity: sha512-f3qQ9oQy9j2AhBe/H9VC91wLmKBCCU/gDOnKNAYG5hswO7BLKj09Hc5HYNz9cGI++xlpDCIgDaitVs03ATR84Q==}

  fast-uri@3.1.2:
    resolution: {integrity: sha512-rVjf7ArG3LTk+FS6Yw81V1DLuZl1bRbNrev6Tmd/9RaroeeRRJhAt7jg/6YFxbvAQXUCavSoZhPPj6oOx+5KjQ==}

  feaxios@0.0.23:
    resolution: {integrity: sha512-eghR0A21fvbkcQBgZuMfQhrXxJzC0GNUGC9fXhBge33D+mFDTwl0aJ35zoQQn575BhyjQitRc5N4f+L4cP708g==}

  follow-redirects@1.16.0:
    resolution: {integrity: sha512-y5rN/uOsadFT/JfYwhxRS5R7Qce+g3zG97+JrtFZlC9klX/W5hD7iiLzScI4nZqUS7DNUdhPgw4xI8W2LuXlUw==}
    engines: {node: '>=4.0'}
    peerDependencies:
      debug: '*'
    peerDependenciesMeta:
      debug:
        optional: true

  for-each@0.3.5:
    resolution: {integrity: sha512-dKx12eRCVIzqCxFGplyFKJMPvLEWgmNtUrpTiJIR5u97zEhRG8ySrtboPHZXx7daLxQVrl643cTzbab2tkQjxg==}
    engines: {node: '>= 0.4'}

  form-data@4.0.5:
    resolution: {integrity: sha512-8RipRLol37bNs2bhoV67fiTEvdTrbMUYcFTiy3+wuuOnUog2QBHCZWXDRijWQfAkhBj2Uf5UnVaiWwA5vdd82w==}
    engines: {node: '>= 6'}

  function-bind@1.1.2:
    resolution: {integrity: sha512-7XHNxH7qX9xG5mIwxkhumTox/MIRNcOgDrxWsMt2pAr23WHp6MrRlN7FBSFpCpr+oVO0F744iUgR82nJMfG2SA==}

  get-intrinsic@1.3.0:
    resolution: {integrity: sha512-9fSjSaos/fRIVIp+xSJlE6lfwhES7LNtKaCBIamHsjr2na1BiABJPo0mOjjz8GJDURarmCPGqaiVg5mfjb98CQ==}
    engines: {node: '>= 0.4'}

  get-proto@1.0.1:
    resolution: {integrity: sha512-sTSfBjoXBp89JvIKIefqw7U2CCebsc74kiY6awiGogKtoSGbgjYE/G/+l9sF3MWFPNc9IcoOC4ODfKHfxFmp0g==}
    engines: {node: '>= 0.4'}

  gopd@1.2.0:
    resolution: {integrity: sha512-ZUKRh6/kUFoAiTAtTYPZJ3hw9wNxx+BIBOijnlG9PnrJsCcSjs1wyyD6vJpaYtgnzDrKYRSqf3OO6Rfa93xsRg==}
    engines: {node: '>= 0.4'}

  has-property-descriptors@1.0.2:
    resolution: {integrity: sha512-55JNKuIW+vq4Ke1BjOTjM2YctQIvCT7GFzHwmfZPGo5wnrgkid0YQtnAleFSqumZm4az3n2BS+erby5ipJdgrg==}

  has-symbols@1.1.0:
    resolution: {integrity: sha512-1cDNdwJ2Jaohmb3sg4OmKaMBwuC48sYni5HUw2DvsC8LjGTLK9h+eb1X6RyuOHe4hT0ULCW68iomhjUoKUqlPQ==}
    engines: {node: '>= 0.4'}

  has-tostringtag@1.0.2:
    resolution: {integrity: sha512-NqADB8VjPFLM2V0VvHUewwwsw0ZWBaIdgo+ieHtK3hasLz4qeCRjYcqfB6AQrBggRKppKF8L52/VqdVsO47Dlw==}
    engines: {node: '>= 0.4'}

  hasown@2.0.3:
    resolution: {integrity: sha512-ej4AhfhfL2Q2zpMmLo7U1Uv9+PyhIZpgQLGT1F9miIGmiCJIoCgSmczFdrc97mWT4kVY72KA+WnnhJ5pghSvSg==}
    engines: {node: '>= 0.4'}

  https-proxy-agent@5.0.1:
    resolution: {integrity: sha512-dFcAjpTQFgoLMzC2VwU+C/CbS7uRL0lWmxDITmqm7C+7F0Odmj6s9l6alZc6AELXhrnggM2CeWSXHGOdX2YtwA==}
    engines: {node: '>= 6'}

  iceberg-js@0.8.1:
    resolution: {integrity: sha512-1dhVQZXhcHje7798IVM+xoo/1ZdVfzOMIc8/rgVSijRK38EDqOJoGula9N/8ZI5RD8QTxNQtK/Gozpr+qUqRRA==}
    engines: {node: '>=20.0.0'}

  ieee754@1.2.1:
    resolution: {integrity: sha512-dcyqhDvX1C46lXZcVqCpK+FtMRQVdIMN6/Df5js2zouUsqG7I6sFxitIC+7KYK29KdXOLHdu9zL4sFnoVQnqaA==}

  incur@0.3.25:
    resolution: {integrity: sha512-jrSkzauM42ilbQJ6THVkAY6dTulkyVW0sZpVHdA8gfiBwrLrLnLUf8U3bAOegAKBIMSOFgk1idchgu9xm9HMng==}
    engines: {node: '>=22'}
    hasBin: true

  inherits@2.0.4:
    resolution: {integrity: sha512-k/vGaX4/Yla3WzyMCvTQOXYeIHvqOKtnqBduzTHpzpQZzAskKMhZ2K+EnBiSM9zGSoIFeMpXKxa4dYeZIQqewQ==}

  is-callable@1.2.7:
    resolution: {integrity: sha512-1BC0BVFhS/p0qtw6enp8e+8OD0UrK0oFLztSjNzhcKA3WDuJxxAPXzPuPtKkjEY9UUoEWlX/8fgKeu2S8i9JTA==}
    engines: {node: '>= 0.4'}

  is-retry-allowed@3.0.0:
    resolution: {integrity: sha512-9xH0xvoggby+u0uGF7cZXdrutWiBiaFG8ZT4YFPXL8NzkyAwX3AKGLeFQLvzDpM430+nDFBZ1LHkie/8ocL06A==}
    engines: {node: '>=12'}

  is-typed-array@1.1.15:
    resolution: {integrity: sha512-p3EcsicXjit7SaskXHs1hA91QxgTw46Fv6EFKKGS5DRFLD8yKnohjF3hxoju94b/OcMZoQukzpPpBE9uLVKzgQ==}
    engines: {node: '>= 0.4'}

  isarray@2.0.5:
    resolution: {integrity: sha512-xHjhDr3cNBK0BzdUJSPXZntQUx/mwMS5Rw4A7lPJ90XGAO6ISP/ePDNuo0vhqOZU+UD5JoodwCAAoZQd3FeAKw==}

  isows@1.0.7:
    resolution: {integrity: sha512-I1fSfDCZL5P0v33sVqeTDSpcstAg/N+wF5HS033mogOVIp4B+oHC7oOCsA3axAbBSGTJ8QubbNmnIRN/h8U7hg==}
    peerDependencies:
      ws: '*'

  json-schema-traverse@1.0.0:
    resolution: {integrity: sha512-NM8/P9n3XjXhIZn1lLhkFaACTOURQXjWhV4BA/RnOv8xvgqtqpAX9IO4mRQxSx1Rlo4tqzeqb0sOlruaOy3dug==}

  math-intrinsics@1.1.0:
    resolution: {integrity: sha512-/IXtbwEk5HTPyEwyKX6hGkYXxM9nbj64B+ilVJnC/R6B0pH5G4V3b0pVbL7DBj4tkhBAppbQUlf6F6Xl9LHu1g==}
    engines: {node: '>= 0.4'}

  mime-db@1.52.0:
    resolution: {integrity: sha512-sPU4uV7dYlvtWJxwwxHD0PuihVNiE7TyAbQ5SWxDCB9mUYvOgroQOwYQQOKPJ8CIbE+1ETVlOoK1UC2nU3gYvg==}
    engines: {node: '>= 0.6'}

  mime-types@2.1.35:
    resolution: {integrity: sha512-ZDY+bPm5zTTF+YpCrAU9nK0UgICYPT0QtT1NZWFv4s++TNkcgVaT0g6+4R2uI4MjQjzysHB1zxuWL50hzaeXiw==}
    engines: {node: '>= 0.6'}

  mppx@0.5.17:
    resolution: {integrity: sha512-4iZwc9XZclCsv8nzQyw32rdaWYg5eLRj4gNjq9l5d+6NuArazZSvjHsI5SQmtzDF6WsssI6E5hSIecCQ9LDA+w==}
    hasBin: true
    peerDependencies:
      '@modelcontextprotocol/sdk': '>=1.25.0'
      elysia: '>=1'
      express: '>=5'
      hono: '>=4.12.14'
      viem: '>=2.47.5'
    peerDependenciesMeta:
      '@modelcontextprotocol/sdk':
        optional: true
      elysia:
        optional: true
      express:
        optional: true
      hono:
        optional: true

  ms@2.1.3:
    resolution: {integrity: sha512-6FlzubTLZG3J2a/NVCAleEhjzq5oxgHyaCU9yYXvcLsvoVaHJq/s5xXI6/XXP6tz7R9xAOtHnSO/tXtF3WRTlA==}

  ox@0.14.15:
    resolution: {integrity: sha512-3TubCmbKen/cuZQzX0qDbOS5lojjdSZ90lqKxWIDWd5siuJ0IJBaTXMYs8eMPLcraqnOwGZazz3apHPGiRCkGQ==}
    peerDependencies:
      typescript: '>=5.4.0'
    peerDependenciesMeta:
      typescript:
        optional: true

  ox@0.14.25:
    resolution: {integrity: sha512-8DoibKtxE8yw63Y2jjMhlbjaURev6WCx4QR4MWLusl2/qIaeTzMJMBIYIDl1KOF45+8H1Ur6eLTdPlUoO8PlRw==}
    peerDependencies:
      typescript: '>=5.4.0'
    peerDependenciesMeta:
      typescript:
        optional: true

  possible-typed-array-names@1.1.0:
    resolution: {integrity: sha512-/+5VFTchJDoVj3bhoqi6UeymcD00DAwb1nJwamzPvHEszJ4FpF6SNNbUbOS8yI56qHzdV8eK0qEfOSiodkTdxg==}
    engines: {node: '>= 0.4'}

  proxy-from-env@2.1.0:
    resolution: {integrity: sha512-cJ+oHTW1VAEa8cJslgmUZrc+sjRKgAKl3Zyse6+PV38hZe/V6Z14TbCuXcan9F9ghlz4QrFr2c92TNF82UkYHA==}
    engines: {node: '>=10'}

  randombytes@2.1.0:
    resolution: {integrity: sha512-vYl3iOX+4CKUWuxGi9Ukhie6fsqXqS9FE2Zaic4tNFD2N2QQaXOMFbuKK4QmDHC0JO6B1Zp41J0LpT0oR68amQ==}

  require-from-string@2.0.2:
    resolution: {integrity: sha512-Xf0nWe6RseziFMu+Ap9biiUbmplq6S9/p+7w7YXP/JBHhrUDDUhwa+vANyubuqfZWTveU//DYVGsDG7RKL/vEw==}
    engines: {node: '>=0.10.0'}

  safe-buffer@5.2.1:
    resolution: {integrity: sha512-rp3So07KcdmmKbGvgaNxQSJr7bGVSVk5S9Eq1F+ppbRo70+YeaDxkw5Dd8NPN+GD6bjnYm2VuPuCXmpuYvmCXQ==}

  set-function-length@1.2.2:
    resolution: {integrity: sha512-pgRc4hJ4/sNjWCSS9AmnS40x3bNMDTknHgL5UaMBTMyJnU90EgWh1Rz+MC9eFu4BuN/UwZjKQuY/1v3rM7HMfg==}
    engines: {node: '>= 0.4'}

  sha.js@2.4.12:
    resolution: {integrity: sha512-8LzC5+bvI45BjpfXU8V5fdU2mfeKiQe1D1gIMn7XUlF3OTUrpdJpPPH4EMAnF0DsHHdSZqCdSss5qCmJKuiO3w==}
    engines: {node: '>= 0.10'}
    hasBin: true

  to-buffer@1.2.2:
    resolution: {integrity: sha512-db0E3UJjcFhpDhAF4tLo03oli3pwl3dbnzXOUIlRKrp+ldk/VUxzpWYZENsw2SZiuBjHAk7DfB0VU7NKdpb6sw==}
    engines: {node: '>= 0.4'}

  tokenx@1.3.0:
    resolution: {integrity: sha512-NLdXTEZkKiO0gZuLtMoZKjCXTREXeZZt8nnnNeyoXtNZAfG/GKGSbQtLU5STspc0rMSwcA+UJfWZkbNU01iKmQ==}

  toml@3.0.0:
    resolution: {integrity: sha512-y/mWCZinnvxjTKYhJ+pYxwD0mRLVvOtdS2Awbgxln6iEnt4rk0yBxeSBHkGJcPucRiG0e55mwWp+g/05rsrd6w==}

  tslib@2.8.1:
    resolution: {integrity: sha512-oJFu94HQb+KVduSUQL7wnpmqnfmLsOA/nAh6b6EH0wCEoK0/mPeXU6c3wKDV83MkOuHPRHtSXKKU99IBazS/2w==}

  typed-array-buffer@1.0.3:
    resolution: {integrity: sha512-nAYYwfY3qnzX30IkA6AQZjVbtK6duGontcQm1WSG1MD94YLqK0515GNApXkoxKOWMusVssAHWLh9SeaoefYFGw==}
    engines: {node: '>= 0.4'}

  urijs@1.19.11:
    resolution: {integrity: sha512-HXgFDgDommxn5/bIv0cnQZsPhHDA90NPHD6+c/v21U5+Sx5hoP8+dP9IZXBU1gIfvdRfhG8cel9QNPeionfcCQ==}

  viem@2.51.2:
    resolution: {integrity: sha512-2x4YAtr3PUPIW++Ov96clnWtRsyqMfpFfooQRIxCpAMsTgxioJTdIQ0ywbjhlHDCUJEGM6M8q8ILOeaPRViH9w==}
    peerDependencies:
      typescript: '>=5.0.4'
    peerDependenciesMeta:
      typescript:
        optional: true

  which-typed-array@1.1.21:
    resolution: {integrity: sha512-zbRA8cVm6io/d5W8uIe2hblzN76/Wm3v/yiythQvr+dpBWeqhPSWIDNj4zOyHi4zKbMK6DN34Xsr9jPHJERAEw==}
    engines: {node: '>= 0.4'}

  ws@8.20.1:
    resolution: {integrity: sha512-It4dO0K5v//JtTXuPkfEOaI3uUN87iYPnqo/ZzqCoG3g8uhA66QUMs/SrM0YK7/NAu+r4LMh/9dq2A7k+rHs+w==}
    engines: {node: '>=10.0.0'}
    peerDependencies:
      bufferutil: ^4.0.1
      utf-8-validate: '>=5.0.2'
    peerDependenciesMeta:
      bufferutil:
        optional: true
      utf-8-validate:
        optional: true

  yaml@2.9.0:
    resolution: {integrity: sha512-2AvhNX3mb8zd6Zy7INTtSpl1F15HW6Wnqj0srWlkKLcpYl/gMIMJiyuGq2KeI2YFxUPjdlB+3Lc10seMLtL4cA==}
    engines: {node: '>= 14.6'}
    hasBin: true

  zod@3.25.76:
    resolution: {integrity: sha512-gzUt/qt81nXsFGKIFcC3YnfEAx5NkunCfnDlvuBSSFS02bcXu4Lmea0AFIUwbLWxWPx3d9p8S5QoaujKcNQxcQ==}

  zod@4.4.3:
    resolution: {integrity: sha512-ytENFjIJFl2UwYglde2jchW2Hwm4GJFLDiSXWdTrJQBIN9Fcyp7n4DhxJEiWNAJMV1/BqWfW/kkg71UDcHJyTQ==}

snapshots:

  '@adraffy/ens-normalize@1.11.1': {}

  '@cfworker/json-schema@4.1.1': {}

  '@modelcontextprotocol/server@2.0.0-alpha.2(@cfworker/json-schema@4.1.1)':
    dependencies:
      zod: 4.4.3
    optionalDependencies:
      '@cfworker/json-schema': 4.1.1

  '@noble/ciphers@1.3.0': {}

  '@noble/curves@1.9.1':
    dependencies:
      '@noble/hashes': 1.8.0

  '@noble/curves@1.9.7':
    dependencies:
      '@noble/hashes': 1.8.0

  '@noble/hashes@1.8.0': {}

  '@routedock/routedock@0.1.2(viem@2.51.2(zod@4.4.3))':
    dependencies:
      '@stellar/mpp': 0.4.0(@stellar/stellar-sdk@14.6.1)(mppx@0.5.17(viem@2.51.2(zod@4.4.3)))
      '@stellar/stellar-sdk': 14.6.1
      '@supabase/supabase-js': 2.106.2
      '@x402/core': 2.13.0
      '@x402/stellar': 2.12.0
      ajv: 8.20.0
      mppx: 0.5.17(viem@2.51.2(zod@4.4.3))
    transitivePeerDependencies:
      - '@modelcontextprotocol/sdk'
      - debug
      - elysia
      - hono
      - supports-color
      - typescript
      - viem

  '@scure/base@1.2.6': {}

  '@scure/bip32@1.7.0':
    dependencies:
      '@noble/curves': 1.9.7
      '@noble/hashes': 1.8.0
      '@scure/base': 1.2.6

  '@scure/bip39@1.6.0':
    dependencies:
      '@noble/hashes': 1.8.0
      '@scure/base': 1.2.6

  '@stellar/js-xdr@3.1.2': {}

  '@stellar/mpp@0.4.0(@stellar/stellar-sdk@14.6.1)(mppx@0.5.17(viem@2.51.2(zod@4.4.3)))':
    dependencies:
      '@stellar/stellar-sdk': 14.6.1
      mppx: 0.5.17(viem@2.51.2(zod@4.4.3))
      zod: 4.4.3

  '@stellar/stellar-base@14.1.0':
    dependencies:
      '@noble/curves': 1.9.7
      '@stellar/js-xdr': 3.1.2
      base32.js: 0.1.0
      bignumber.js: 9.3.1
      buffer: 6.0.3
      sha.js: 2.4.12

  '@stellar/stellar-sdk@14.6.1':
    dependencies:
      '@stellar/stellar-base': 14.1.0
      axios: 1.16.1
      bignumber.js: 9.3.1
      commander: 14.0.3
      eventsource: 2.0.2
      feaxios: 0.0.23
      randombytes: 2.1.0
      toml: 3.0.0
      urijs: 1.19.11
    transitivePeerDependencies:
      - debug
      - supports-color

  '@supabase/auth-js@2.106.2':
    dependencies:
      tslib: 2.8.1

  '@supabase/functions-js@2.106.2':
    dependencies:
      tslib: 2.8.1

  '@supabase/phoenix@0.4.2': {}

  '@supabase/postgrest-js@2.106.2':
    dependencies:
      tslib: 2.8.1

  '@supabase/realtime-js@2.106.2':
    dependencies:
      '@supabase/phoenix': 0.4.2
      tslib: 2.8.1

  '@supabase/storage-js@2.106.2':
    dependencies:
      iceberg-js: 0.8.1
      tslib: 2.8.1

  '@supabase/supabase-js@2.106.2':
    dependencies:
      '@supabase/auth-js': 2.106.2
      '@supabase/functions-js': 2.106.2
      '@supabase/postgrest-js': 2.106.2
      '@supabase/realtime-js': 2.106.2
      '@supabase/storage-js': 2.106.2

  '@toon-format/toon@2.3.0': {}

  '@x402/core@2.12.0':
    dependencies:
      zod: 3.25.76

  '@x402/core@2.13.0':
    dependencies:
      zod: 3.25.76

  '@x402/stellar@2.12.0':
    dependencies:
      '@stellar/stellar-sdk': 14.6.1
      '@x402/core': 2.12.0
    transitivePeerDependencies:
      - debug
      - supports-color

  abitype@1.2.3(zod@4.4.3):
    optionalDependencies:
      zod: 4.4.3

  abitype@1.2.4(zod@4.4.3):
    optionalDependencies:
      zod: 4.4.3

  agent-base@6.0.2:
    dependencies:
      debug: 4.4.3
    transitivePeerDependencies:
      - supports-color

  ajv@8.20.0:
    dependencies:
      fast-deep-equal: 3.1.3
      fast-uri: 3.1.2
      json-schema-traverse: 1.0.0
      require-from-string: 2.0.2

  asynckit@0.4.0: {}

  available-typed-arrays@1.0.7:
    dependencies:
      possible-typed-array-names: 1.1.0

  axios@1.16.1:
    dependencies:
      follow-redirects: 1.16.0
      form-data: 4.0.5
      https-proxy-agent: 5.0.1
      proxy-from-env: 2.1.0
    transitivePeerDependencies:
      - debug
      - supports-color

  base32.js@0.1.0: {}

  base64-js@1.5.1: {}

  bignumber.js@9.3.1: {}

  buffer@6.0.3:
    dependencies:
      base64-js: 1.5.1
      ieee754: 1.2.1

  call-bind-apply-helpers@1.0.2:
    dependencies:
      es-errors: 1.3.0
      function-bind: 1.1.2

  call-bind@1.0.9:
    dependencies:
      call-bind-apply-helpers: 1.0.2
      es-define-property: 1.0.1
      get-intrinsic: 1.3.0
      set-function-length: 1.2.2

  call-bound@1.0.4:
    dependencies:
      call-bind-apply-helpers: 1.0.2
      get-intrinsic: 1.3.0

  combined-stream@1.0.8:
    dependencies:
      delayed-stream: 1.0.0

  commander@14.0.3: {}

  debug@4.4.3:
    dependencies:
      ms: 2.1.3

  define-data-property@1.1.4:
    dependencies:
      es-define-property: 1.0.1
      es-errors: 1.3.0
      gopd: 1.2.0

  delayed-stream@1.0.0: {}

  dunder-proto@1.0.1:
    dependencies:
      call-bind-apply-helpers: 1.0.2
      es-errors: 1.3.0
      gopd: 1.2.0

  es-define-property@1.0.1: {}

  es-errors@1.3.0: {}

  es-object-atoms@1.1.2:
    dependencies:
      es-errors: 1.3.0

  es-set-tostringtag@2.1.0:
    dependencies:
      es-errors: 1.3.0
      get-intrinsic: 1.3.0
      has-tostringtag: 1.0.2
      hasown: 2.0.3

  eventemitter3@5.0.1: {}

  eventsource@2.0.2: {}

  fast-deep-equal@3.1.3: {}

  fast-uri@3.1.2: {}

  feaxios@0.0.23:
    dependencies:
      is-retry-allowed: 3.0.0

  follow-redirects@1.16.0: {}

  for-each@0.3.5:
    dependencies:
      is-callable: 1.2.7

  form-data@4.0.5:
    dependencies:
      asynckit: 0.4.0
      combined-stream: 1.0.8
      es-set-tostringtag: 2.1.0
      hasown: 2.0.3
      mime-types: 2.1.35

  function-bind@1.1.2: {}

  get-intrinsic@1.3.0:
    dependencies:
      call-bind-apply-helpers: 1.0.2
      es-define-property: 1.0.1
      es-errors: 1.3.0
      es-object-atoms: 1.1.2
      function-bind: 1.1.2
      get-proto: 1.0.1
      gopd: 1.2.0
      has-symbols: 1.1.0
      hasown: 2.0.3
      math-intrinsics: 1.1.0

  get-proto@1.0.1:
    dependencies:
      dunder-proto: 1.0.1
      es-object-atoms: 1.1.2

  gopd@1.2.0: {}

  has-property-descriptors@1.0.2:
    dependencies:
      es-define-property: 1.0.1

  has-symbols@1.1.0: {}

  has-tostringtag@1.0.2:
    dependencies:
      has-symbols: 1.1.0

  hasown@2.0.3:
    dependencies:
      function-bind: 1.1.2

  https-proxy-agent@5.0.1:
    dependencies:
      agent-base: 6.0.2
      debug: 4.4.3
    transitivePeerDependencies:
      - supports-color

  iceberg-js@0.8.1: {}

  ieee754@1.2.1: {}

  incur@0.3.25:
    dependencies:
      '@cfworker/json-schema': 4.1.1
      '@modelcontextprotocol/server': 2.0.0-alpha.2(@cfworker/json-schema@4.1.1)
      '@toon-format/toon': 2.3.0
      tokenx: 1.3.0
      yaml: 2.9.0
      zod: 4.4.3

  inherits@2.0.4: {}

  is-callable@1.2.7: {}

  is-retry-allowed@3.0.0: {}

  is-typed-array@1.1.15:
    dependencies:
      which-typed-array: 1.1.21

  isarray@2.0.5: {}

  isows@1.0.7(ws@8.20.1):
    dependencies:
      ws: 8.20.1

  json-schema-traverse@1.0.0: {}

  math-intrinsics@1.1.0: {}

  mime-db@1.52.0: {}

  mime-types@2.1.35:
    dependencies:
      mime-db: 1.52.0

  mppx@0.5.17(viem@2.51.2(zod@4.4.3)):
    dependencies:
      incur: 0.3.25
      ox: 0.14.15(zod@4.4.3)
      viem: 2.51.2(zod@4.4.3)
      zod: 4.4.3
    transitivePeerDependencies:
      - typescript

  ms@2.1.3: {}

  ox@0.14.15(zod@4.4.3):
    dependencies:
      '@adraffy/ens-normalize': 1.11.1
      '@noble/ciphers': 1.3.0
      '@noble/curves': 1.9.1
      '@noble/hashes': 1.8.0
      '@scure/bip32': 1.7.0
      '@scure/bip39': 1.6.0
      abitype: 1.2.4(zod@4.4.3)
      eventemitter3: 5.0.1
    transitivePeerDependencies:
      - zod

  ox@0.14.25(zod@4.4.3):
    dependencies:
      '@adraffy/ens-normalize': 1.11.1
      '@noble/ciphers': 1.3.0
      '@noble/curves': 1.9.1
      '@noble/hashes': 1.8.0
      '@scure/bip32': 1.7.0
      '@scure/bip39': 1.6.0
      abitype: 1.2.4(zod@4.4.3)
      eventemitter3: 5.0.1
    transitivePeerDependencies:
      - zod

  possible-typed-array-names@1.1.0: {}

  proxy-from-env@2.1.0: {}

  randombytes@2.1.0:
    dependencies:
      safe-buffer: 5.2.1

  require-from-string@2.0.2: {}

  safe-buffer@5.2.1: {}

  set-function-length@1.2.2:
    dependencies:
      define-data-property: 1.1.4
      es-errors: 1.3.0
      function-bind: 1.1.2
      get-intrinsic: 1.3.0
      gopd: 1.2.0
      has-property-descriptors: 1.0.2

  sha.js@2.4.12:
    dependencies:
      inherits: 2.0.4
      safe-buffer: 5.2.1
      to-buffer: 1.2.2

  to-buffer@1.2.2:
    dependencies:
      isarray: 2.0.5
      safe-buffer: 5.2.1
      typed-array-buffer: 1.0.3

  tokenx@1.3.0: {}

  toml@3.0.0: {}

  tslib@2.8.1: {}

  typed-array-buffer@1.0.3:
    dependencies:
      call-bound: 1.0.4
      es-errors: 1.3.0
      is-typed-array: 1.1.15

  urijs@1.19.11: {}

  viem@2.51.2(zod@4.4.3):
    dependencies:
      '@noble/curves': 1.9.1
      '@noble/hashes': 1.8.0
      '@scure/bip32': 1.7.0
      '@scure/bip39': 1.6.0
      abitype: 1.2.3(zod@4.4.3)
      isows: 1.0.7(ws@8.20.1)
      ox: 0.14.25(zod@4.4.3)
      ws: 8.20.1
    transitivePeerDependencies:
      - bufferutil
      - utf-8-validate
      - zod

  which-typed-array@1.1.21:
    dependencies:
      available-typed-arrays: 1.0.7
      call-bind: 1.0.9
      call-bound: 1.0.4
      for-each: 0.3.5
      get-proto: 1.0.1
      gopd: 1.2.0
      has-tostringtag: 1.0.2

  ws@8.20.1: {}

  yaml@2.9.0: {}

  zod@3.25.76: {}

  zod@4.4.3: {}
